
Microsoft Visual Studio Solution File, Format Version 12.00
# Visual Studio Version 17
VisualStudioVersion = 17.0.31903.59
MinimumVisualStudioVersion = 10.0.40219.1
Project("{2150E333-8FDC-42A3-9474-1A3956D46DE8}") = "PantryManager.API", "PantryManager.API", "{7DD82127-60C4-4484-AD33-4B05D30190D9}"
EndProject
Project("{FAE04EC0-301F-11D3-BF4B-00C04F79EFBC}") = "PantryManager.API", "PantryManager.API\PantryManager.API\PantryManager.API.csproj", "{AC5E7F12-7CC2-49F6-A2AD-37ECA11BAD79}"
EndProject
Global
	GlobalSection(SolutionConfigurationPlatforms) = preSolution
		Debug|Any CPU = Debug|Any CPU
		Release|Any CPU = Release|Any CPU
	EndGlobalSection
	GlobalSection(SolutionProperties) = preSolution
		HideSolutionNode = FALSE
	EndGlobalSection
	GlobalSection(ProjectConfigurationPlatforms) = postSolution
		{AC5E7F12-7CC2-49F6-A2AD-37ECA11BAD79}.Debug|Any CPU.ActiveCfg = Debug|Any CPU
		{AC5E7F12-7CC2-49F6-A2AD-37ECA11BAD79}.Debug|Any CPU.Build.0 = Debug|Any CPU
		{AC5E7F12-7CC2-49F6-A2AD-37ECA11BAD79}.Release|Any CPU.ActiveCfg = Release|Any CPU
		{AC5E7F12-7CC2-49F6-A2AD-37ECA11BAD79}.Release|Any CPU.Build.0 = Release|Any CPU
	EndGlobalSection
	GlobalSection(NestedProjects) = preSolution
		{AC5E7F12-7CC2-49F6-A2AD-37ECA11BAD79} = {7DD82127-60C4-4484-AD33-4B05D30190D9}
	EndGlobalSection
EndGlobal
